// !$*UTF8*$!
{
	archiveVersion = 1;
	classes = {
	};
	objectVersion = 50;
	objects = {

/* Begin PBXBuildFile section */
		1415EE3B24DD741B0098C7E2 /* main.cpp in Sources */ = {isa = PBXBuildFile; fileRef = 1415EE3A24DD741B0098C7E2 /* main.cpp */; };
		1415EE4324DD75080098C7E2 /* libglfw.3.4.dylib in Frameworks */ = {isa = PBXBuildFile; fileRef = 1415EE4224DD75080098C7E2 /* libglfw.3.4.dylib */; };
		1415EE4524DD75480098C7E2 /* libvulkan.1.2.141.dylib in Frameworks */ = {isa = PBXBuildFile; fileRef = 1415EE4424DD75480098C7E2 /* libvulkan.1.2.141.dylib */; };
		1415EE4724DD75980098C7E2 /* libvulkan.1.dylib in Frameworks */ = {isa = PBXBuildFile; fileRef = 1415EE4624DD75980098C7E2 /* libvulkan.1.dylib */; };
		1415EE5824DD85C00098C7E2 /* libvulkan.1.2.141.dylib in CopyFiles */ = {isa = PBXBuildFile; fileRef = 1415EE5724DD85C00098C7E2 /* libvulkan.1.2.141.dylib */; settings = {ATTRIBUTES = (CodeSignOnCopy, ); }; };
		1415EE5C24DD862C0098C7E2 /* libglfw.3.4.dylib in CopyFiles */ = {isa = PBXBuildFile; fileRef = 1415EE5B24DD862C0098C7E2 /* libglfw.3.4.dylib */; settings = {ATTRIBUTES = (CodeSignOnCopy, ); }; };
/* End PBXBuildFile section */

/* Begin PBXCopyFilesBuildPhase section */
		1415EE3524DD741B0098C7E2 /* CopyFiles */ = {
			isa = PBXCopyFilesBuildPhase;
			buildActionMask = 12;
			dstPath = "";
			dstSubfolderSpec = 10;
			files = (
				1415EE5824DD85C00098C7E2 /* libvulkan.1.2.141.dylib in CopyFiles */,
				1415EE5C24DD862C0098C7E2 /* libglfw.3.4.dylib in CopyFiles */,
			);
			runOnlyForDeploymentPostprocessing = 0;
		};
/* End PBXCopyFilesBuildPhase section */

/* Begin PBXFileReference section */
		1415EE3724DD741B0098C7E2 /* pathtracer-plus-plus */ = {isa = PBXFileReference; explicitFileType = "compiled.mach-o.executable"; includeInIndex = 0; path = "pathtracer-plus-plus"; sourceTree = BUILT_PRODUCTS_DIR; };
		1415EE3A24DD741B0098C7E2 /* main.cpp */ = {isa = PBXFileReference; lastKnownFileType = sourcecode.cpp.cpp; path = main.cpp; sourceTree = "<group>"; };
		1415EE4224DD75080098C7E2 /* libglfw.3.4.dylib */ = {isa = PBXFileReference; lastKnownFileType = "compiled.mach-o.dylib"; name = libglfw.3.4.dylib; path = "../../../../usr/local/Cellar/glfw/HEAD-a2674a9/lib/libglfw.3.4.dylib"; sourceTree = "<group>"; };
		1415EE4424DD75480098C7E2 /* libvulkan.1.2.141.dylib */ = {isa = PBXFileReference; lastKnownFileType = "compiled.mach-o.dylib"; name = libvulkan.1.2.141.dylib; path = ../../../../usr/local/vulkansdk/macOS/lib/libvulkan.1.2.141.dylib; sourceTree = "<group>"; };
		1415EE4624DD75980098C7E2 /* libvulkan.1.dylib */ = {isa = PBXFileReference; lastKnownFileType = "compiled.mach-o.dylib"; name = libvulkan.1.dylib; path = ../../../../usr/local/vulkansdk/macOS/lib/libvulkan.1.dylib; sourceTree = "<group>"; };
		1415EE4B24DD772A0098C7E2 /* libglfw.3.4.dylib */ = {isa = PBXFileReference; lastKnownFileType = "compiled.mach-o.dylib"; name = libglfw.3.4.dylib; path = "../../../../usr/local/Cellar/glfw/HEAD-a2674a9/lib/libglfw.3.4.dylib"; sourceTree = "<group>"; };
		1415EE4D24DD77960098C7E2 /* libglfw.3.4.dylib */ = {isa = PBXFileReference; lastKnownFileType = "compiled.mach-o.dylib"; name = libglfw.3.4.dylib; path = ../../../../usr/local/lib/libglfw.3.4.dylib; sourceTree = "<group>"; };
		1415EE4F24DD78E20098C7E2 /* pathtracer-plus-plus.entitlements */ = {isa = PBXFileReference; lastKnownFileType = text.plist.entitlements; path = "pathtracer-plus-plus.entitlements"; sourceTree = "<group>"; };
		1415EE5524DD858C0098C7E2 /* libglfw.3.4.dylib */ = {isa = PBXFileReference; lastKnownFileType = "compiled.mach-o.dylib"; name = libglfw.3.4.dylib; path = "../../../../../usr/local/Cellar/glfw/HEAD-a2674a9/lib/libglfw.3.4.dylib"; sourceTree = "<group>"; };
		1415EE5724DD85C00098C7E2 /* libvulkan.1.2.141.dylib */ = {isa = PBXFileReference; lastKnownFileType = "compiled.mach-o.dylib"; name = libvulkan.1.2.141.dylib; path = ../../../../../usr/local/vulkansdk/macOS/lib/libvulkan.1.2.141.dylib; sourceTree = "<group>"; };
		1415EE5924DD85D90098C7E2 /* libvulkan.1.2.141.dylib */ = {isa = PBXFileReference; lastKnownFileType = "compiled.mach-o.dylib"; name = libvulkan.1.2.141.dylib; path = ../../../../../usr/local/lib/libvulkan.1.2.141.dylib; sourceTree = "<group>"; };
		1415EE5B24DD862C0098C7E2 /* libglfw.3.4.dylib */ = {isa = PBXFileReference; lastKnownFileType = "compiled.mach-o.dylib"; name = libglfw.3.4.dylib; path = "../../../../../usr/local/Cellar/glfw/HEAD-a2674a9/lib/libglfw.3.4.dylib"; sourceTree = "<group>"; };
		1415EE5D24DD864B0098C7E2 /* libvulkan.1.2.141.dylib */ = {isa = PBXFileReference; lastKnownFileType = "compiled.mach-o.dylib"; name = libvulkan.1.2.141.dylib; path = ../../../../../usr/local/vulkansdk/macOS/lib/libvulkan.1.2.141.dylib; sourceTree = "<group>"; };
		1415EE5E24DD86720098C7E2 /* libvulkan.1.2.141.dylib */ = {isa = PBXFileReference; lastKnownFileType = "compiled.mach-o.dylib"; name = libvulkan.1.2.141.dylib; path = ../../../../../usr/local/vulkansdk/macOS/lib/libvulkan.1.2.141.dylib; sourceTree = "<group>"; };
		1415EE6524DD95940098C7E2 /* shader.frag */ = {isa = PBXFileReference; fileEncoding = 4; lastKnownFileType = sourcecode.glsl; name = shader.frag; path = shaders/shader.frag; sourceTree = "<group>"; };
		1415EE6624DD95940098C7E2 /* shader.vert */ = {isa = PBXFileReference; fileEncoding = 4; lastKnownFileType = sourcecode.glsl; name = shader.vert; path = shaders/shader.vert; sourceTree = "<group>"; };
/* End PBXFileReference section */

/* Begin PBXFrameworksBuildPhase section */
		1415EE3424DD741B0098C7E2 /* Frameworks */ = {
			isa = PBXFrameworksBuildPhase;
			buildActionMask = 2147483647;
			files = (
				1415EE4324DD75080098C7E2 /* libglfw.3.4.dylib in Frameworks */,
				1415EE4724DD75980098C7E2 /* libvulkan.1.dylib in Frameworks */,
				1415EE4524DD75480098C7E2 /* libvulkan.1.2.141.dylib in Frameworks */,
			);
			runOnlyForDeploymentPostprocessing = 0;
		};
/* End PBXFrameworksBuildPhase section */

/* Begin PBXGroup section */
		1415EE2E24DD741B0098C7E2 = {
			isa = PBXGroup;
			children = (
				1415EE5D24DD864B0098C7E2 /* libvulkan.1.2.141.dylib */,
				1415EE5E24DD86720098C7E2 /* libvulkan.1.2.141.dylib */,
				1415EE5B24DD862C0098C7E2 /* libglfw.3.4.dylib */,
				1415EE5724DD85C00098C7E2 /* libvulkan.1.2.141.dylib */,
				1415EE5924DD85D90098C7E2 /* libvulkan.1.2.141.dylib */,
				1415EE4B24DD772A0098C7E2 /* libglfw.3.4.dylib */,
				1415EE4D24DD77960098C7E2 /* libglfw.3.4.dylib */,
				1415EE5524DD858C0098C7E2 /* libglfw.3.4.dylib */,
				1415EE3924DD741B0098C7E2 /* pathtracer-plus-plus */,
				1415EE3824DD741B0098C7E2 /* Products */,
				1415EE4124DD75070098C7E2 /* Frameworks */,
			);
			sourceTree = "<group>";
		};
		1415EE3824DD741B0098C7E2 /* Products */ = {
			isa = PBXGroup;
			children = (
				1415EE3724DD741B0098C7E2 /* pathtracer-plus-plus */,
			);
			name = Products;
			sourceTree = "<group>";
		};
		1415EE3924DD741B0098C7E2 /* pathtracer-plus-plus */ = {
			isa = PBXGroup;
			children = (
				1415EE6524DD95940098C7E2 /* shader.frag */,
				1415EE6624DD95940098C7E2 /* shader.vert */,
				1415EE4F24DD78E20098C7E2 /* pathtracer-plus-plus.entitlements */,
				1415EE3A24DD741B0098C7E2 /* main.cpp */,
			);
			path = "pathtracer-plus-plus";
			sourceTree = "<group>";
		};
		1415EE4124DD75070098C7E2 /* Frameworks */ = {
			isa = PBXGroup;
			children = (
				1415EE4624DD75980098C7E2 /* libvulkan.1.dylib */,
				1415EE4424DD75480098C7E2 /* libvulkan.1.2.141.dylib */,
				1415EE4224DD75080098C7E2 /* libglfw.3.4.dylib */,
			);
			name = Frameworks;
			sourceTree = "<group>";
		};
/* End PBXGroup section */

/* Begin PBXNativeTarget section */
		1415EE3624DD741B0098C7E2 /* pathtracer-plus-plus */ = {
			isa = PBXNativeTarget;
			buildConfigurationList = 1415EE3E24DD741B0098C7E2 /* Build configuration list for PBXNativeTarget "pathtracer-plus-plus" */;
			buildPhases = (
				1415EE3324DD741B0098C7E2 /* Sources */,
				1415EE3424DD741B0098C7E2 /* Frameworks */,
				1415EE3524DD741B0098C7E2 /* CopyFiles */,
			);
			buildRules = (
			);
			dependencies = (
			);
			name = "pathtracer-plus-plus";
			productName = "pathtracer-plus-plus";
			productReference = 1415EE3724DD741B0098C7E2 /* pathtracer-plus-plus */;
			productType = "com.apple.product-type.tool";
		};
/* End PBXNativeTarget section */

/* Begin PBXProject section */
		1415EE2F24DD741B0098C7E2 /* Project object */ = {
			isa = PBXProject;
			attributes = {
				LastUpgradeCheck = 1160;
				ORGANIZATIONNAME = "Hee Hwang";
				TargetAttributes = {
					1415EE3624DD741B0098C7E2 = {
						CreatedOnToolsVersion = 11.6;
					};
				};
			};
			buildConfigurationList = 1415EE3224DD741B0098C7E2 /* Build configuration list for PBXProject "pathtracer-plus-plus" */;
			compatibilityVersion = "Xcode 9.3";
			developmentRegion = en;
			hasScannedForEncodings = 0;
			knownRegions = (
				en,
				Base,
			);
			mainGroup = 1415EE2E24DD741B0098C7E2;
			productRefGroup = 1415EE3824DD741B0098C7E2 /* Products */;
			projectDirPath = "";
			projectRoot = "";
			targets = (
				1415EE3624DD741B0098C7E2 /* pathtracer-plus-plus */,
			);
		};
/* End PBXProject section */

/* Begin PBXSourcesBuildPhase section */
		1415EE3324DD741B0098C7E2 /* Sources */ = {
			isa = PBXSourcesBuildPhase;
			buildActionMask = 2147483647;
			files = (
				1415EE3B24DD741B0098C7E2 /* main.cpp in Sources */,
			);
			runOnlyForDeploymentPostprocessing = 0;
		};
/* End PBXSourcesBuildPhase section */

/* Begin XCBuildConfiguration section */
		1415EE3C24DD741B0098C7E2 /* Debug */ = {
			isa = XCBuildConfiguration;
			buildSettings = {
				ALWAYS_SEARCH_USER_PATHS = NO;
				CLANG_ANALYZER_NONNULL = YES;
				CLANG_ANALYZER_NUMBER_OBJECT_CONVERSION = YES_AGGRESSIVE;
				CLANG_CXX_LANGUAGE_STANDARD = "gnu++14";
				CLANG_CXX_LIBRARY = "libc++";
				CLANG_ENABLE_MODULES = YES;
				CLANG_ENABLE_OBJC_ARC = YES;
				CLANG_ENABLE_OBJC_WEAK = YES;
				CLANG_WARN_BLOCK_CAPTURE_AUTORELEASING = YES;
				CLANG_WARN_BOOL_CONVERSION = YES;
				CLANG_WARN_COMMA = YES;
				CLANG_WARN_CONSTANT_CONVERSION = YES;
				CLANG_WARN_DEPRECATED_OBJC_IMPLEMENTATIONS = YES;
				CLANG_WARN_DIRECT_OBJC_ISA_USAGE = YES_ERROR;
				CLANG_WARN_DOCUMENTATION_COMMENTS = YES;
				CLANG_WARN_EMPTY_BODY = YES;
				CLANG_WARN_ENUM_CONVERSION = YES;
				CLANG_WARN_INFINITE_RECURSION = YES;
				CLANG_WARN_INT_CONVERSION = YES;
				CLANG_WARN_NON_LITERAL_NULL_CONVERSION = YES;
				CLANG_WARN_OBJC_IMPLICIT_RETAIN_SELF = YES;
				CLANG_WARN_OBJC_LITERAL_CONVERSION = YES;
				CLANG_WARN_OBJC_ROOT_CLASS = YES_ERROR;
				CLANG_WARN_RANGE_LOOP_ANALYSIS = YES;
				CLANG_WARN_STRICT_PROTOTYPES = YES;
				CLANG_WARN_SUSPICIOUS_MOVE = YES;
				CLANG_WARN_UNGUARDED_AVAILABILITY = YES_AGGRESSIVE;
				CLANG_WARN_UNREACHABLE_CODE = YES;
				CLANG_WARN__DUPLICATE_METHOD_MATCH = YES;
				COPY_PHASE_STRIP = NO;
				DEBUG_INFORMATION_FORMAT = dwarf;
				ENABLE_STRICT_OBJC_MSGSEND = YES;
				ENABLE_TESTABILITY = YES;
				GCC_C_LANGUAGE_STANDARD = gnu11;
				GCC_DYNAMIC_NO_PIC = NO;
				GCC_NO_COMMON_BLOCKS = YES;
				GCC_OPTIMIZATION_LEVEL = 0;
				GCC_PREPROCESSOR_DEFINITIONS = (
					"DEBUG=1",
					"$(inherited)",
				);
				GCC_WARN_64_TO_32_BIT_CONVERSION = YES;
				GCC_WARN_ABOUT_RETURN_TYPE = YES_ERROR;
				GCC_WARN_UNDECLARED_SELECTOR = YES;
				GCC_WARN_UNINITIALIZED_AUTOS = YES_AGGRESSIVE;
				GCC_WARN_UNUSED_FUNCTION = YES;
				GCC_WARN_UNUSED_VARIABLE = YES;
				HEADER_SEARCH_PATHS = (
					/usr/local/include,
					/usr/local/vulkansdk/macOS/include,
				);
				LIBRARY_SEARCH_PATHS = (
					/usr/local/lib,
					/usr/local/vulkansdk/macOS/lib,
				);
				MACOSX_DEPLOYMENT_TARGET = 10.15;
				MTL_ENABLE_DEBUG_INFO = INCLUDE_SOURCE;
				MTL_FAST_MATH = YES;
				ONLY_ACTIVE_ARCH = YES;
				SDKROOT = macosx;
			};
			name = Debug;
		};
		1415EE3D24DD741B0098C7E2 /* Release */ = {
			isa = XCBuildConfiguration;
			buildSettings = {
				ALWAYS_SEARCH_USER_PATHS = NO;
				CLANG_ANALYZER_NONNULL = YES;
				CLANG_ANALYZER_NUMBER_OBJECT_CONVERSION = YES_AGGRESSIVE;
				CLANG_CXX_LANGUAGE_STANDARD = "gnu++14";
				CLANG_CXX_LIBRARY = "libc++";
				CLANG_ENABLE_MODULES = YES;
				CLANG_ENABLE_OBJC_ARC = YES;
				CLANG_ENABLE_OBJC_WEAK = YES;
				CLANG_WARN_BLOCK_CAPTURE_AUTORELEASING = YES;
				CLANG_WARN_BOOL_CONVERSION = YES;
				CLANG_WARN_COMMA = YES;
				CLANG_WARN_CONSTANT_CONVERSION = YES;
				CLANG_WARN_DEPRECATED_OBJC_IMPLEMENTATIONS = YES;
				CLANG_WARN_DIRECT_OBJC_ISA_USAGE = YES_ERROR;
				CLANG_WARN_DOCUMENTATION_COMMENTS = YES;
				CLANG_WARN_EMPTY_BODY = YES;
				CLANG_WARN_ENUM_CONVERSION = YES;
				CLANG_WARN_INFINITE_RECURSION = YES;
				CLANG_WARN_INT_CONVERSION = YES;
				CLANG_WARN_NON_LITERAL_NULL_CONVERSION = YES;
				CLANG_WARN_OBJC_IMPLICIT_RETAIN_SELF = YES;
				CLANG_WARN_OBJC_LITERAL_CONVERSION = YES;
				CLANG_WARN_OBJC_ROOT_CLASS = YES_ERROR;
				CLANG_WARN_RANGE_LOOP_ANALYSIS = YES;
				CLANG_WARN_STRICT_PROTOTYPES = YES;
				CLANG_WARN_SUSPICIOUS_MOVE = YES;
				CLANG_WARN_UNGUARDED_AVAILABILITY = YES_AGGRESSIVE;
				CLANG_WARN_UNREACHABLE_CODE = YES;
				CLANG_WARN__DUPLICATE_METHOD_MATCH = YES;
				COPY_PHASE_STRIP = NO;
				DEBUG_INFORMATION_FORMAT = "dwarf-with-dsym";
				ENABLE_NS_ASSERTIONS = NO;
				ENABLE_STRICT_OBJC_MSGSEND = YES;
				GCC_C_LANGUAGE_STANDARD = gnu11;
				GCC_NO_COMMON_BLOCKS = YES;
				GCC_WARN_64_TO_32_BIT_CONVERSION = YES;
				GCC_WARN_ABOUT_RETURN_TYPE = YES_ERROR;
				GCC_WARN_UNDECLARED_SELECTOR = YES;
				GCC_WARN_UNINITIALIZED_AUTOS = YES_AGGRESSIVE;
				GCC_WARN_UNUSED_FUNCTION = YES;
				GCC_WARN_UNUSED_VARIABLE = YES;
				HEADER_SEARCH_PATHS = (
					/usr/local/include,
					/usr/local/vulkansdk/macOS/include,
				);
				LIBRARY_SEARCH_PATHS = (
					/usr/local/lib,
					/usr/local/vulkansdk/macOS/lib,
				);
				MACOSX_DEPLOYMENT_TARGET = 10.15;
				MTL_ENABLE_DEBUG_INFO = NO;
				MTL_FAST_MATH = YES;
				SDKROOT = macosx;
			};
			name = Release;
		};
		1415EE3F24DD741B0098C7E2 /* Debug */ = {
			isa = XCBuildConfiguration;
			buildSettings = {
				CLANG_CXX_LANGUAGE_STANDARD = "gnu++17";
				CLANG_WARN_DOCUMENTATION_COMMENTS = NO;
				CODE_SIGN_ENTITLEMENTS = "pathtracer-plus-plus/pathtracer-plus-plus.entitlements";
				CODE_SIGN_STYLE = Automatic;
				DEVELOPMENT_TEAM = A45Y2UY7R7;
				ENABLE_HARDENED_RUNTIME = YES;
				HEADER_SEARCH_PATHS = (
					/usr/local/include,
					/usr/local/vulkansdk/macOS/include,
				);
				LIBRARY_SEARCH_PATHS = (
					/usr/local/lib,
					/usr/local/vulkansdk/macOS/lib,
				);
				PRODUCT_NAME = "$(TARGET_NAME)";
			};
			name = Debug;
		};
		1415EE4024DD741B0098C7E2 /* Release */ = {
			isa = XCBuildConfiguration;
			buildSettings = {
				CLANG_CXX_LANGUAGE_STANDARD = "gnu++17";
				CLANG_WARN_DOCUMENTATION_COMMENTS = NO;
				CODE_SIGN_ENTITLEMENTS = "pathtracer-plus-plus/pathtracer-plus-plus.entitlements";
				CODE_SIGN_STYLE = Automatic;
				DEVELOPMENT_TEAM = A45Y2UY7R7;
				ENABLE_HARDENED_RUNTIME = YES;
				HEADER_SEARCH_PATHS = (
					/usr/local/include,
					/usr/local/vulkansdk/macOS/include,
				);
				LIBRARY_SEARCH_PATHS = (
					/usr/local/lib,
					/usr/local/vulkansdk/macOS/lib,
				);
				PRODUCT_NAME = "$(TARGET_NAME)";
			};
			name = Release;
		};
/* End XCBuildConfiguration section */

/* Begin XCConfigurationList section */
		1415EE3224DD741B0098C7E2 /* Build configuration list for PBXProject "pathtracer-plus-plus" */ = {
			isa = XCConfigurationList;
			buildConfigurations = (
				1415EE3C24DD741B0098C7E2 /* Debug */,
				1415EE3D24DD741B0098C7E2 /* Release */,
			);
			defaultConfigurationIsVisible = 0;
			defaultConfigurationName = Release;
		};
		1415EE3E24DD741B0098C7E2 /* Build configuration list for PBXNativeTarget "pathtracer-plus-plus" */ = {
			isa = XCConfigurationList;
			buildConfigurations = (
				1415EE3F24DD741B0098C7E2 /* Debug */,
				1415EE4024DD741B0098C7E2 /* Release */,
			);
			defaultConfigurationIsVisible = 0;
			defaultConfigurationName = Release;
		};
/* End XCConfigurationList section */
	};
	rootObject = 1415EE2F24DD741B0098C7E2 /* Project object */;
}
